
Microsoft Visual Studio Solution File, Format Version 12.00
# Visual Studio Version 16
VisualStudioVersion = 16.0.31129.286
MinimumVisualStudioVersion = 10.0.40219.1
Project("{FAE04EC0-301F-11D3-BF4B-00C04F79EFBC}") = "ApiWeb", "ApiWeb.csproj", "{B91EB73A-2070-4573-8AA3-F1E348B08353}"
EndProject
Global
	GlobalSection(SolutionConfigurationPlatforms) = preSolution
		Debug|Any CPU = Debug|Any CPU
		Release|Any CPU = Release|Any CPU
	EndGlobalSection
	GlobalSection(ProjectConfigurationPlatforms) = postSolution
		{B91EB73A-2070-4573-8AA3-F1E348B08353}.Debug|Any CPU.ActiveCfg = Debug|Any CPU
		{B91EB73A-2070-4573-8AA3-F1E348B08353}.Debug|Any CPU.Build.0 = Debug|Any CPU
		{B91EB73A-2070-4573-8AA3-F1E348B08353}.Release|Any CPU.ActiveCfg = Release|Any CPU
		{B91EB73A-2070-4573-8AA3-F1E348B08353}.Release|Any CPU.Build.0 = Release|Any CPU
	EndGlobalSection
	GlobalSection(SolutionProperties) = preSolution
		HideSolutionNode = FALSE
	EndGlobalSection
	GlobalSection(ExtensibilityGlobals) = postSolution
		SolutionGuid = {A1F9C6D2-9F7C-438E-9DD4-86B2AFF12FAE}
	EndGlobalSection
EndGlobal
